
Microsoft Visual Studio Solution File, Format Version 12.00
# Visual Studio 15
VisualStudioVersion = 15.0.28307.852
MinimumVisualStudioVersion = 10.0.40219.1
Project("{FAE04EC0-301F-11D3-BF4B-00C04F79EFBC}") = "FaceCheck", "FaceCheck\FaceCheck.csproj", "{4B598F4D-521A-4C16-80C1-03C083F68037}"
EndProject
Project("{2150E333-8FDC-42A3-9474-1A3956D46DE8}") = "Solution Items", "Solution Items", "{A2ED3F08-7EF6-4E77-ADBF-31C5509EAF60}"
	ProjectSection(SolutionItems) = preProject
		README.md = README.md
	EndProjectSection
EndProject
Global
	GlobalSection(SolutionConfigurationPlatforms) = preSolution
		Debug|Any CPU = Debug|Any CPU
		Release|Any CPU = Release|Any CPU
	EndGlobalSection
	GlobalSection(ProjectConfigurationPlatforms) = postSolution
		{4B598F4D-521A-4C16-80C1-03C083F68037}.Debug|Any CPU.ActiveCfg = Debug|Any CPU
		{4B598F4D-521A-4C16-80C1-03C083F68037}.Debug|Any CPU.Build.0 = Debug|Any CPU
		{4B598F4D-521A-4C16-80C1-03C083F68037}.Release|Any CPU.ActiveCfg = Release|Any CPU
		{4B598F4D-521A-4C16-80C1-03C083F68037}.Release|Any CPU.Build.0 = Release|Any CPU
	EndGlobalSection
	GlobalSection(SolutionProperties) = preSolution
		HideSolutionNode = FALSE
	EndGlobalSection
	GlobalSection(ExtensibilityGlobals) = postSolution
		SolutionGuid = {5306AEAD-678C-4F82-87BA-2774C8405411}
	EndGlobalSection
EndGlobal
